
Microsoft Visual Studio Solution File, Format Version 12.00
# Visual Studio Version 17
VisualStudioVersion = 17.14.35906.104
MinimumVisualStudioVersion = 10.0.40219.1
Project("{FAE04EC0-301F-11D3-BF4B-00C04F79EFBC}") = "TestDb", "TestDb\TestDb.csproj", "{24149967-AE2A-404E-BA56-61B556AD890E}"
EndProject
Project("{FAE04EC0-301F-11D3-BF4B-00C04F79EFBC}") = "TestClr", "TestClr\TestClr.csproj", "{5EDC0E6B-8EA1-4095-861F-FA5A9A282FAD}"
EndProject
Global
	GlobalSection(SolutionConfigurationPlatforms) = preSolution
		Debug|Any CPU = Debug|Any CPU
		Release|Any CPU = Release|Any CPU
	EndGlobalSection
	GlobalSection(ProjectConfigurationPlatforms) = postSolution
		{24149967-AE2A-404E-BA56-61B556AD890E}.Debug|Any CPU.ActiveCfg = Debug|Any CPU
		{24149967-AE2A-404E-BA56-61B556AD890E}.Debug|Any CPU.Build.0 = Debug|Any CPU
		{24149967-AE2A-404E-BA56-61B556AD890E}.Release|Any CPU.ActiveCfg = Release|Any CPU
		{24149967-AE2A-404E-BA56-61B556AD890E}.Release|Any CPU.Build.0 = Release|Any CPU
		{5EDC0E6B-8EA1-4095-861F-FA5A9A282FAD}.Debug|Any CPU.ActiveCfg = Debug|Any CPU
		{5EDC0E6B-8EA1-4095-861F-FA5A9A282FAD}.Debug|Any CPU.Build.0 = Debug|Any CPU
		{5EDC0E6B-8EA1-4095-861F-FA5A9A282FAD}.Release|Any CPU.ActiveCfg = Release|Any CPU
		{5EDC0E6B-8EA1-4095-861F-FA5A9A282FAD}.Release|Any CPU.Build.0 = Release|Any CPU
	EndGlobalSection
	GlobalSection(SolutionProperties) = preSolution
		HideSolutionNode = FALSE
	EndGlobalSection
	GlobalSection(ExtensibilityGlobals) = postSolution
		SolutionGuid = {D89A35B7-668D-4532-8E56-07874F7AB444}
	EndGlobalSection
EndGlobal
